
Microsoft Visual Studio Solution File, Format Version 12.00
# Visual Studio Version 17
VisualStudioVersion = 17.0.31903.59
MinimumVisualStudioVersion = 10.0.40219.1
Project("{9A19103F-16F7-4668-BE54-9A1E7A4F7556}") = "RockHub", "RockHub\RockHub.csproj", "{712ADF12-30BC-4676-B0FB-CFFBB417776F}"
EndProject
Project("{9A19103F-16F7-4668-BE54-9A1E7A4F7556}") = "RockHub.API", "RockHub.API\RockHub.API.csproj", "{3371B149-E9E9-41F5-9D38-1ED2DE184358}"
EndProject
Project("{9A19103F-16F7-4668-BE54-9A1E7A4F7556}") = "RockHub.Shared.Dados", "RockHub.Shared.Dados\RockHub.Shared.Dados.csproj", "{3F688D08-A24E-49EA-89CD-9CE8E575ACD8}"
EndProject
Project("{9A19103F-16F7-4668-BE54-9A1E7A4F7556}") = "RockHub.Shared.Modelos", "RockHub.Shared.Modelos\RockHub.Shared.Modelos.csproj", "{F2FEB818-4139-48F3-BCB9-40CADBD6D94F}"
EndProject
Project("{9A19103F-16F7-4668-BE54-9A1E7A4F7556}") = "RockHub.Web", "RockHub.Web\RockHub.Web.csproj", "{9DE9B953-BDC5-4DA2-B698-5D67B458F348}"
EndProject
Global
	GlobalSection(SolutionConfigurationPlatforms) = preSolution
		Debug|Any CPU = Debug|Any CPU
		Release|Any CPU = Release|Any CPU
	EndGlobalSection
	GlobalSection(ProjectConfigurationPlatforms) = postSolution
		{712ADF12-30BC-4676-B0FB-CFFBB417776F}.Debug|Any CPU.ActiveCfg = Debug|Any CPU
		{712ADF12-30BC-4676-B0FB-CFFBB417776F}.Debug|Any CPU.Build.0 = Debug|Any CPU
		{712ADF12-30BC-4676-B0FB-CFFBB417776F}.Release|Any CPU.ActiveCfg = Release|Any CPU
		{712ADF12-30BC-4676-B0FB-CFFBB417776F}.Release|Any CPU.Build.0 = Release|Any CPU
		{3371B149-E9E9-41F5-9D38-1ED2DE184358}.Debug|Any CPU.ActiveCfg = Debug|Any CPU
		{3371B149-E9E9-41F5-9D38-1ED2DE184358}.Debug|Any CPU.Build.0 = Debug|Any CPU
		{3371B149-E9E9-41F5-9D38-1ED2DE184358}.Release|Any CPU.ActiveCfg = Release|Any CPU
		{3371B149-E9E9-41F5-9D38-1ED2DE184358}.Release|Any CPU.Build.0 = Release|Any CPU
		{3F688D08-A24E-49EA-89CD-9CE8E575ACD8}.Debug|Any CPU.ActiveCfg = Debug|Any CPU
		{3F688D08-A24E-49EA-89CD-9CE8E575ACD8}.Debug|Any CPU.Build.0 = Debug|Any CPU
		{3F688D08-A24E-49EA-89CD-9CE8E575ACD8}.Release|Any CPU.ActiveCfg = Release|Any CPU
		{3F688D08-A24E-49EA-89CD-9CE8E575ACD8}.Release|Any CPU.Build.0 = Release|Any CPU
		{F2FEB818-4139-48F3-BCB9-40CADBD6D94F}.Debug|Any CPU.ActiveCfg = Debug|Any CPU
		{F2FEB818-4139-48F3-BCB9-40CADBD6D94F}.Debug|Any CPU.Build.0 = Debug|Any CPU
		{F2FEB818-4139-48F3-BCB9-40CADBD6D94F}.Release|Any CPU.ActiveCfg = Release|Any CPU
		{F2FEB818-4139-48F3-BCB9-40CADBD6D94F}.Release|Any CPU.Build.0 = Release|Any CPU
		{9DE9B953-BDC5-4DA2-B698-5D67B458F348}.Debug|Any CPU.ActiveCfg = Debug|Any CPU
		{9DE9B953-BDC5-4DA2-B698-5D67B458F348}.Debug|Any CPU.Build.0 = Debug|Any CPU
		{9DE9B953-BDC5-4DA2-B698-5D67B458F348}.Release|Any CPU.ActiveCfg = Release|Any CPU
		{9DE9B953-BDC5-4DA2-B698-5D67B458F348}.Release|Any CPU.Build.0 = Release|Any CPU
	EndGlobalSection
	GlobalSection(SolutionProperties) = preSolution
		HideSolutionNode = FALSE
	EndGlobalSection
	GlobalSection(ExtensibilityGlobals) = postSolution
		SolutionGuid = {48F5E4D2-DF4F-4A11-A040-4E52AF492549}
	EndGlobalSection
EndGlobal
